---
lockfileVersion: 1
lockfileVendor: redhat
arches:
- arch: x86_64
  packages:
  - url: https://cdn.redhat.com/content/dist/rhel9/9/x86_64/appstream/os/Packages/g/gawk-all-langpacks-5.1.0-6.el9.x86_64.rpm
    repoid: rhel-9-for-x86_64-appstream-rpms
    size: 216340
    checksum: sha256:c1fcc71c1cc1160d58ace4b60cc6733b68d6f6d406e5ec5ce24327787f452cd1
    name: gawk-all-langpacks
    evr: 5.1.0-6.el9
    sourcerpm: gawk-5.1.0-6.el9.src.rpm
  - url: https://cdn.redhat.com/content/dist/rhel9/9/x86_64/appstream/os/Packages/l/libtool-ltdl-2.4.6-46.el9.x86_64.rpm
    repoid: rhel-9-for-x86_64-appstream-rpms
    size: 38043
    checksum: sha256:44f7303229bdb4c2975f9829e3dd13dc7984e2cb53ef0f85baf894b39f605c38
    name: libtool-ltdl
    evr: 2.4.6-46.el9
    sourcerpm: libtool-2.4.6-46.el9.src.rpm
  - url: https://cdn.redhat.com/content/dist/rhel9/9/x86_64/appstream/os/Packages/l/libvirt-libs-10.10.0-7.3.el9_6.x86_64.rpm
    repoid: rhel-9-for-x86_64-appstream-rpms
    size: 5334776
    checksum: sha256:ae4b238d060353147d22e1ff475b14784428fdb3f98e64db9462afa161358f8d
    name: libvirt-libs
    evr: 10.10.0-7.3.el9_6
    sourcerpm: libvirt-10.10.0-7.3.el9_6.src.rpm
  - url: https://cdn.redhat.com/content/dist/rhel9/9/x86_64/baseos/os/Packages/a/alternatives-1.24-2.el9.x86_64.rpm
    repoid: rhel-9-for-x86_64-baseos-rpms
    size: 42874
    checksum: sha256:1c520b9bf7b592d936bb347a5107702e51678e160b88ecfbba6a30e35e47d24e
    name: alternatives
    evr: 1.24-2.el9
    sourcerpm: chkconfig-1.24-2.el9.src.rpm
  - url: https://cdn.redhat.com/content/dist/rhel9/9/x86_64/baseos/os/Packages/a/audit-libs-3.1.5-4.el9.x86_64.rpm
    repoid: rhel-9-for-x86_64-baseos-rpms
    size: 127977
    checksum: sha256:ab86c7bd1a87a0f613e99af5c6d2e7da662fc1e9bd826ec68384b1115f09fe31
    name: audit-libs
    evr: 3.1.5-4.el9
    sourcerpm: audit-3.1.5-4.el9.src.rpm
  - url: https://cdn.redhat.com/content/dist/rhel9/9/x86_64/baseos/os/Packages/b/basesystem-11-13.el9.noarch.rpm
    repoid: rhel-9-for-x86_64-baseos-rpms
    size: 8229
    checksum: sha256:f498b0813fa1a825d550e8e3a9e42255eabfa18e6fc96adfc6cc8fa7e16dd513
    name: basesystem
    evr: 11-13.el9
    sourcerpm: basesystem-11-13.el9.src.rpm
  - url: https://cdn.redhat.com/content/dist/rhel9/9/x86_64/baseos/os/Packages/b/bash-5.1.8-9.el9.x86_64.rpm
    repoid: rhel-9-for-x86_64-baseos-rpms
    size: 1769540
    checksum: sha256:d3adf8b09aa0bf935c67aa12444e0ee02f70a82c2682bfb2b02bda0a989bb806
    name: bash
    evr: 5.1.8-9.el9
    sourcerpm: bash-5.1.8-9.el9.src.rpm
  - url: https://cdn.redhat.com/content/dist/rhel9/9/x86_64/baseos/os/Packages/b/bzip2-libs-1.0.8-10.el9_5.x86_64.rpm
    repoid: rhel-9-for-x86_64-baseos-rpms
    size: 42618
    checksum: sha256:5058aca2a4c5ac3356fb42e6e423e4101bc29199e0ae80d79d3fc564ba9d7c84
    name: bzip2-libs
    evr: 1.0.8-10.el9_5
    sourcerpm: bzip2-1.0.8-10.el9_5.src.rpm
  - url: https://cdn.redhat.com/content/dist/rhel9/9/x86_64/baseos/os/Packages/c/ca-certificates-2024.2.69_v8.0.303-91.4.el9_4.noarch.rpm
    repoid: rhel-9-for-x86_64-baseos-rpms
    size: 1044629
    checksum: sha256:fda07ba8aa8afd38800aa1e49ddd4c7916d8f67030739f85f59727f47bdf28dd
    name: ca-certificates
    evr: 2024.2.69_v8.0.303-91.4.el9_4
    sourcerpm: ca-certificates-2024.2.69_v8.0.303-91.4.el9_4.src.rpm
  - url: https://cdn.redhat.com/content/dist/rhel9/9/x86_64/baseos/os/Packages/c/coreutils-8.32-39.el9.x86_64.rpm
    repoid: rhel-9-for-x86_64-baseos-rpms
    size: 1245548
    checksum: sha256:091268f0d2e4afb6fe29b0536c67410af2c08147ecb316a12492b6f4eb84c835
    name: coreutils
    evr: 8.32-39.el9
    sourcerpm: coreutils-8.32-39.el9.src.rpm
  - url: https://cdn.redhat.com/content/dist/rhel9/9/x86_64/baseos/os/Packages/c/coreutils-common-8.32-39.el9.x86_64.rpm
    repoid: rhel-9-for-x86_64-baseos-rpms
    size: 2113564
    checksum: sha256:da1d14b6ad93241b26e38bc3d5187028e2eeda71867931ccc9ab150d88df8393
    name: coreutils-common
    evr: 8.32-39.el9
    sourcerpm: coreutils-8.32-39.el9.src.rpm
  - url: https://cdn.redhat.com/content/dist/rhel9/9/x86_64/baseos/os/Packages/c/cracklib-2.9.6-27.el9.x86_64.rpm
    repoid: rhel-9-for-x86_64-baseos-rpms
    size: 100903
    checksum: sha256:8551b711718596fbfef6622bbf32f785864959af9d06a76da2545ec9f3a126e7
    name: cracklib
    evr: 2.9.6-27.el9
    sourcerpm: cracklib-2.9.6-27.el9.src.rpm
  - url: https://cdn.redhat.com/content/dist/rhel9/9/x86_64/baseos/os/Packages/c/cracklib-dicts-2.9.6-27.el9.x86_64.rpm
    repoid: rhel-9-for-x86_64-baseos-rpms
    size: 3821230
    checksum: sha256:ab4356c86bdc996dc9e55703a7ae936e3e46aec6ebf6d6f008e126ff06e83df2
    name: cracklib-dicts
    evr: 2.9.6-27.el9
    sourcerpm: cracklib-2.9.6-27.el9.src.rpm
  - url: https://cdn.redhat.com/content/dist/rhel9/9/x86_64/baseos/os/Packages/c/crypto-policies-20250128-1.git5269e22.el9.noarch.rpm
    repoid: rhel-9-for-x86_64-baseos-rpms
    size: 92144
    checksum: sha256:e3ca18b4805fe8624d7d884859c167c14f48a4a1565b75403bb7470e7132cc1a
    name: crypto-policies
    evr: 20250128-1.git5269e22.el9
    sourcerpm: crypto-policies-20250128-1.git5269e22.el9.src.rpm
  - url: https://cdn.redhat.com/content/dist/rhel9/9/x86_64/baseos/os/Packages/c/cyrus-sasl-gssapi-2.1.27-21.el9.x86_64.rpm
    repoid: rhel-9-for-x86_64-baseos-rpms
    size: 28739
    checksum: sha256:ea04812e70f7185355de2cf44ccd03dba237e3671b670cd3c53debd7665bc667
    name: cyrus-sasl-gssapi
    evr: 2.1.27-21.el9
    sourcerpm: cyrus-sasl-2.1.27-21.el9.src.rpm
  - url: https://cdn.redhat.com/content/dist/rhel9/9/x86_64/baseos/os/Packages/c/cyrus-sasl-lib-2.1.27-21.el9.x86_64.rpm
    repoid: rhel-9-for-x86_64-baseos-rpms
    size: 792070
    checksum: sha256:d92f2383e68062b9ded78afa8814f18d84fee98e09781f541169627272ce85cf
    name: cyrus-sasl-lib
    evr: 2.1.27-21.el9
    sourcerpm: cyrus-sasl-2.1.27-21.el9.src.rpm
  - url: https://cdn.redhat.com/content/dist/rhel9/9/x86_64/baseos/os/Packages/f/filesystem-3.16-5.el9.x86_64.rpm
    repoid: rhel-9-for-x86_64-baseos-rpms
    size: 5003807
    checksum: sha256:9567592e6e32a9ebd45584cc4feb5d00812f143fcb2d8cd8b1d95108f4f66a2d
    name: filesystem
    evr: 3.16-5.el9
    sourcerpm: filesystem-3.16-5.el9.src.rpm
  - url: https://cdn.redhat.com/content/dist/rhel9/9/x86_64/baseos/os/Packages/g/gawk-5.1.0-6.el9.x86_64.rpm
    repoid: rhel-9-for-x86_64-baseos-rpms
    size: 1045534
    checksum: sha256:99fda6725a2c668bae29fbab74d1b347e074f4e8c8ed18d656cb928fb6fc92b7
    name: gawk
    evr: 5.1.0-6.el9
    sourcerpm: gawk-5.1.0-6.el9.src.rpm
  - url: https://cdn.redhat.com/content/dist/rhel9/9/x86_64/baseos/os/Packages/g/gdbm-libs-1.23-1.el9.x86_64.rpm
    repoid: rhel-9-for-x86_64-baseos-rpms
    size: 60152
    checksum: sha256:c8b8346a98d921206666ce740a3647a52ad7a87c2d01d73166165b3e9a789a6c
    name: gdbm-libs
    evr: 1:1.23-1.el9
    sourcerpm: gdbm-1.23-1.el9.src.rpm
  - url: https://cdn.redhat.com/content/dist/rhel9/9/x86_64/baseos/os/Packages/g/glib2-2.68.4-16.el9.x86_64.rpm
    repoid: rhel-9-for-x86_64-baseos-rpms
    size: 2776245
    checksum: sha256:2b71c890d2d08814787512100faa67fecb85fdb751944a9dcd44032e93e2298e
    name: glib2
    evr: 2.68.4-16.el9
    sourcerpm: glib2-2.68.4-16.el9.src.rpm
  - url: https://cdn.redhat.com/content/dist/rhel9/9/x86_64/baseos/os/Packages/g/glibc-2.34-168.el9_6.14.x86_64.rpm
    repoid: rhel-9-for-x86_64-baseos-rpms
    size: 2054217
    checksum: sha256:de8eb45949d4471b59305346c1b55c156fcb0c2b82dab524aa09bef1a0307e69
    name: glibc
    evr: 2.34-168.el9_6.14
    sourcerpm: glibc-2.34-168.el9_6.14.src.rpm
  - url: https://cdn.redhat.com/content/dist/rhel9/9/x86_64/baseos/os/Packages/g/glibc-common-2.34-168.el9_6.14.x86_64.rpm
    repoid: rhel-9-for-x86_64-baseos-rpms
    size: 311029
    checksum: sha256:df87055efc323b9d82297ca62d1e9c5b23dde42feae85bb568f583ed93bdfe19
    name: glibc-common
    evr: 2.34-168.el9_6.14
    sourcerpm: glibc-2.34-168.el9_6.14.src.rpm
  - url: https://cdn.redhat.com/content/dist/rhel9/9/x86_64/baseos/os/Packages/g/glibc-gconv-extra-2.34-168.el9_6.14.x86_64.rpm
    repoid: rhel-9-for-x86_64-baseos-rpms
    size: 1753645
    checksum: sha256:df6ded7d6c44fb4b23e9d11cf63b8b81f12f1edc08f5a19f20c1c059d3cf8649
    name: glibc-gconv-extra
    evr: 2.34-168.el9_6.14
    sourcerpm: glibc-2.34-168.el9_6.14.src.rpm
  - url: https://cdn.redhat.com/content/dist/rhel9/9/x86_64/baseos/os/Packages/g/glibc-minimal-langpack-2.34-168.el9_6.14.x86_64.rpm
    repoid: rhel-9-for-x86_64-baseos-rpms
    size: 19997
    checksum: sha256:e33e3151973289f4cdccf2ec13ebe63325609a60d4502a399707545866917d2c
    name: glibc-minimal-langpack
    evr: 2.34-168.el9_6.14
    sourcerpm: glibc-2.34-168.el9_6.14.src.rpm
  - url: https://cdn.redhat.com/content/dist/rhel9/9/x86_64/baseos/os/Packages/g/gmp-6.2.0-13.el9.x86_64.rpm
    repoid: rhel-9-for-x86_64-baseos-rpms
    size: 326840
    checksum: sha256:d4529445e30b7eb9a8225b0539f70d26d585d7fe306296f948ea73114d1c171f
    name: gmp
    evr: 1:6.2.0-13.el9
    sourcerpm: gmp-6.2.0-13.el9.src.rpm
  - url: https://cdn.redhat.com/content/dist/rhel9/9/x86_64/baseos/os/Packages/g/gnutls-3.8.3-6.el9.x86_64.rpm
    repoid: rhel-9-for-x86_64-baseos-rpms
    size: 1131728
    checksum: sha256:d74b380b846a810b9c6a2a73a33728a9cda157f7fe71311331d4408e50f77406
    name: gnutls
    evr: 3.8.3-6.el9
    sourcerpm: gnutls-3.8.3-6.el9.src.rpm
  - url: https://cdn.redhat.com/content/dist/rhel9/9/x86_64/baseos/os/Packages/g/grep-3.6-5.el9.x86_64.rpm
    repoid: rhel-9-for-x86_64-baseos-rpms
    size: 279174
    checksum: sha256:5556895ff1817066ca71b50785615e944b0fcc7e1c94c983087c7c691819623d
    name: grep
    evr: 3.6-5.el9
    sourcerpm: grep-3.6-5.el9.src.rpm
  - url: https://cdn.redhat.com/content/dist/rhel9/9/x86_64/baseos/os/Packages/g/gzip-1.12-1.el9.x86_64.rpm
    repoid: rhel-9-for-x86_64-baseos-rpms
    size: 171206
    checksum: sha256:c8b3e0414d55b1eedb0185a564ac6cb2368bee2fd5f995447d045f6a714488ac
    name: gzip
    evr: 1.12-1.el9
    sourcerpm: gzip-1.12-1.el9.src.rpm
  - url: https://cdn.redhat.com/content/dist/rhel9/9/x86_64/baseos/os/Packages/j/json-c-0.14-11.el9.x86_64.rpm
    repoid: rhel-9-for-x86_64-baseos-rpms
    size: 46136
    checksum: sha256:b9bde4162250023103d95908fbca44fff6636a46176f92cf1761c1c3a4580a2f
    name: json-c
    evr: 0.14-11.el9
    sourcerpm: json-c-0.14-11.el9.src.rpm
  - url: https://cdn.redhat.com/content/dist/rhel9/9/x86_64/baseos/os/Packages/k/keyutils-libs-1.6.3-1.el9.x86_64.rpm
    repoid: rhel-9-for-x86_64-baseos-rpms
    size: 34363
    checksum: sha256:96d75824948387a884d206865db534cd3d46f32422efcb020c20060b59edb27c
    name: keyutils-libs
    evr: 1.6.3-1.el9
    sourcerpm: keyutils-1.6.3-1.el9.src.rpm
  - url: https://cdn.redhat.com/content/dist/rhel9/9/x86_64/baseos/os/Packages/k/krb5-libs-1.21.1-6.el9.x86_64.rpm
    repoid: rhel-9-for-x86_64-baseos-rpms
    size: 788740
    checksum: sha256:7865d4a8f8f2c212e9a42f42b68ed8d6f93c0c83e490accd6651a78f82b165cd
    name: krb5-libs
    evr: 1.21.1-6.el9
    sourcerpm: krb5-1.21.1-6.el9.src.rpm
  - url: https://cdn.redhat.com/content/dist/rhel9/9/x86_64/baseos/os/Packages/l/libacl-2.3.1-4.el9.x86_64.rpm
    repoid: rhel-9-for-x86_64-baseos-rpms
    size: 24627
    checksum: sha256:dc50fd67447efd6367395b3e1517bfc1fa958652a75ce7619358812a8f6c80aa
    name: libacl
    evr: 2.3.1-4.el9
    sourcerpm: acl-2.3.1-4.el9.src.rpm
  - url: https://cdn.redhat.com/content/dist/rhel9/9/x86_64/baseos/os/Packages/l/libattr-2.5.1-3.el9.x86_64.rpm
    repoid: rhel-9-for-x86_64-baseos-rpms
    size: 20786
    checksum: sha256:6519f028915fbd7ee0474f0bf4e98e35f04b5d0cf7be9f66c0cb9eafac0b8c5a
    name: libattr
    evr: 2.5.1-3.el9
    sourcerpm: attr-2.5.1-3.el9.src.rpm
  - url: https://cdn.redhat.com/content/dist/rhel9/9/x86_64/baseos/os/Packages/l/libblkid-2.37.4-21.el9.x86_64.rpm
    repoid: rhel-9-for-x86_64-baseos-rpms
    size: 111211
    checksum: sha256:d3cb190d20c5bdf24fff25acb78fd2bb5026efb86b3b8d51c35362c16e7563a1
    name: libblkid
    evr: 2.37.4-21.el9
    sourcerpm: util-linux-2.37.4-21.el9.src.rpm
  - url: https://cdn.redhat.com/content/dist/rhel9/9/x86_64/baseos/os/Packages/l/libbrotli-1.0.9-7.el9_5.x86_64.rpm
    repoid: rhel-9-for-x86_64-baseos-rpms
    size: 323932
    checksum: sha256:bb3175e435723e98cc1a5063eafa82231092eca3bf6276d24505eaeaaa817113
    name: libbrotli
    evr: 1.0.9-7.el9_5
    sourcerpm: brotli-1.0.9-7.el9_5.src.rpm
  - url: https://cdn.redhat.com/content/dist/rhel9/9/x86_64/baseos/os/Packages/l/libcap-2.48-9.el9_2.x86_64.rpm
    repoid: rhel-9-for-x86_64-baseos-rpms
    size: 76130
    checksum: sha256:d108abf74d0a27a1f82f9fe868db403622b0486e547c4b9557a18d367981fe24
    name: libcap
    evr: 2.48-9.el9_2
    sourcerpm: libcap-2.48-9.el9_2.src.rpm
  - url: https://cdn.redhat.com/content/dist/rhel9/9/x86_64/baseos/os/Packages/l/libcap-ng-0.8.2-7.el9.x86_64.rpm
    repoid: rhel-9-for-x86_64-baseos-rpms
    size: 36752
    checksum: sha256:ebddfc188d1ddbb0d6a238583cbc02dcb9fc0bd063a850b22d48980899976628
    name: libcap-ng
    evr: 0.8.2-7.el9
    sourcerpm: libcap-ng-0.8.2-7.el9.src.rpm
  - url: https://cdn.redhat.com/content/dist/rhel9/9/x86_64/baseos/os/Packages/l/libcbor-0.7.0-5.el9.x86_64.rpm
    repoid: rhel-9-for-x86_64-baseos-rpms
    size: 60575
    checksum: sha256:588e8736af3376abfb3cdf372c10baef02c40d916a55958f3bee9767f9ad8526
    name: libcbor
    evr: 0.7.0-5.el9
    sourcerpm: libcbor-0.7.0-5.el9.src.rpm
  - url: https://cdn.redhat.com/content/dist/rhel9/9/x86_64/baseos/os/Packages/l/libcom_err-1.46.5-7.el9.x86_64.rpm
    repoid: rhel-9-for-x86_64-baseos-rpms
    size: 28588
    checksum: sha256:29a55b3f2af38a5ead96273df2b6a8ce35b99110f81abaecc4be92f77222a272
    name: libcom_err
    evr: 1.46.5-7.el9
    sourcerpm: e2fsprogs-1.46.5-7.el9.src.rpm
  - url: https://cdn.redhat.com/content/dist/rhel9/9/x86_64/baseos/os/Packages/l/libcurl-7.76.1-31.el9.x86_64.rpm
    repoid: rhel-9-for-x86_64-baseos-rpms
    size: 292648
    checksum: sha256:330279706b226ca5b8257e246131b726a485ebfc6d7ffb0c842e770dbc2ded28
    name: libcurl
    evr: 7.76.1-31.el9
    sourcerpm: curl-7.76.1-31.el9.src.rpm
  - url: https://cdn.redhat.com/content/dist/rhel9/9/x86_64/baseos/os/Packages/l/libdb-5.3.28-55.el9.x86_64.rpm
    repoid: rhel-9-for-x86_64-baseos-rpms
    size: 754739
    checksum: sha256:b019fc2c6ec5d05c7225a189c0e751be4c1c572b82991022809cc8c1f4fa0a89
    name: libdb
    evr: 5.3.28-55.el9
    sourcerpm: libdb-5.3.28-55.el9.src.rpm
  - url: https://cdn.redhat.com/content/dist/rhel9/9/x86_64/baseos/os/Packages/l/libeconf-0.4.1-4.el9.x86_64.rpm
    repoid: rhel-9-for-x86_64-baseos-rpms
    size: 30371
    checksum: sha256:f7998382ca1be7836f6af05d42dc03f88799abcb10aa7a761e16f74058598012
    name: libeconf
    evr: 0.4.1-4.el9
    sourcerpm: libeconf-0.4.1-4.el9.src.rpm
  - url: https://cdn.redhat.com/content/dist/rhel9/9/x86_64/baseos/os/Packages/l/libedit-3.1-38.20210216cvs.el9.x86_64.rpm
    repoid: rhel-9-for-x86_64-baseos-rpms
    size: 109330
    checksum: sha256:9e41ff5754a5dca1308adf9617828934d56cb60d8d08f128f80e4328f69bc78c
    name: libedit
    evr: 3.1-38.20210216cvs.el9
    sourcerpm: libedit-3.1-38.20210216cvs.el9.src.rpm
  - url: https://cdn.redhat.com/content/dist/rhel9/9/x86_64/baseos/os/Packages/l/libevent-2.1.12-8.el9_4.x86_64.rpm
    repoid: rhel-9-for-x86_64-baseos-rpms
    size: 272588
    checksum: sha256:072426910a254b797bbe977b3397ab90513911d020580a0135179f700a48df44
    name: libevent
    evr: 2.1.12-8.el9_4
    sourcerpm: libevent-2.1.12-8.el9_4.src.rpm
  - url: https://cdn.redhat.com/content/dist/rhel9/9/x86_64/baseos/os/Packages/l/libfdisk-2.37.4-21.el9.x86_64.rpm
    repoid: rhel-9-for-x86_64-baseos-rpms
    size: 159417
    checksum: sha256:81c7676b72b85d8b5822888c510952ec0996b3d89bf8cddaf76dba31bc72a4a1
    name: libfdisk
    evr: 2.37.4-21.el9
    sourcerpm: util-linux-2.37.4-21.el9.src.rpm
  - url: https://cdn.redhat.com/content/dist/rhel9/9/x86_64/baseos/os/Packages/l/libffi-3.4.2-8.el9.x86_64.rpm
    repoid: rhel-9-for-x86_64-baseos-rpms
    size: 40619
    checksum: sha256:dde0012a94c6f3825e605b095b15767d89c2b87a5da097348310d7e87721c645
    name: libffi
    evr: 3.4.2-8.el9
    sourcerpm: libffi-3.4.2-8.el9.src.rpm
  - url: https://cdn.redhat.com/content/dist/rhel9/9/x86_64/baseos/os/Packages/l/libfido2-1.13.0-2.el9.x86_64.rpm
    repoid: rhel-9-for-x86_64-baseos-rpms
    size: 102746
    checksum: sha256:6da940c0528f3e4453db84cb85b402c8f4293a197b1921158df9651edb4845e0
    name: libfido2
    evr: 1.13.0-2.el9
    sourcerpm: libfido2-1.13.0-2.el9.src.rpm
  - url: https://cdn.redhat.com/content/dist/rhel9/9/x86_64/baseos/os/Packages/l/libgcc-11.5.0-5.el9_5.x86_64.rpm
    repoid: rhel-9-for-x86_64-baseos-rpms
    size: 89621
    checksum: sha256:6f7bc4ed734b01d36f9dba66f34f610f2f39e5280588814a666b4d4be2dd8807
    name: libgcc
    evr: 11.5.0-5.el9_5
    sourcerpm: gcc-11.5.0-5.el9_5.src.rpm
  - url: https://cdn.redhat.com/content/dist/rhel9/9/x86_64/baseos/os/Packages/l/libgcrypt-1.10.0-11.el9.x86_64.rpm
    repoid: rhel-9-for-x86_64-baseos-rpms
    size: 522581
    checksum: sha256:9d5a5a4292a5a345143b632c2764ad8e7b095413f78f5693d29c2ea5e7d37119
    name: libgcrypt
    evr: 1.10.0-11.el9
    sourcerpm: libgcrypt-1.10.0-11.el9.src.rpm
  - url: https://cdn.redhat.com/content/dist/rhel9/9/x86_64/baseos/os/Packages/l/libgpg-error-1.42-5.el9.x86_64.rpm
    repoid: rhel-9-for-x86_64-baseos-rpms
    size: 225603
    checksum: sha256:8248e20d7a253aa9c0dc7dc3d56b42e1def4fd5753ce8e8b9e980aa664fc9068
    name: libgpg-error
    evr: 1.42-5.el9
    sourcerpm: libgpg-error-1.42-5.el9.src.rpm
  - url: https://cdn.redhat.com/content/dist/rhel9/9/x86_64/baseos/os/Packages/l/libidn2-2.3.0-7.el9.x86_64.rpm
    repoid: rhel-9-for-x86_64-baseos-rpms
    size: 107099
    checksum: sha256:055f4ce6b721be7138dc2e45a6586412c65508acea3fe385a2655c129fe264f9
    name: libidn2
    evr: 2.3.0-7.el9
    sourcerpm: libidn2-2.3.0-7.el9.src.rpm
  - url: https://cdn.redhat.com/content/dist/rhel9/9/x86_64/baseos/os/Packages/l/libmount-2.37.4-21.el9.x86_64.rpm
    repoid: rhel-9-for-x86_64-baseos-rpms
    size: 139470
    checksum: sha256:49b2b2a02d276281bc02907b1d5431fd07ac200d47e621a41ca5169d30537442
    name: libmount
    evr: 2.37.4-21.el9
    sourcerpm: util-linux-2.37.4-21.el9.src.rpm
  - url: https://cdn.redhat.com/content/dist/rhel9/9/x86_64/baseos/os/Packages/l/libnghttp2-1.43.0-6.el9.x86_64.rpm
    repoid: rhel-9-for-x86_64-baseos-rpms
    size: 76742
    checksum: sha256:ebc37f2252164962b03dd3a4b5e53ab5e1e9234a8657219e8c8e9064dcb98b2e
    name: libnghttp2
    evr: 1.43.0-6.el9
    sourcerpm: nghttp2-1.43.0-6.el9.src.rpm
  - url: https://cdn.redhat.com/content/dist/rhel9/9/x86_64/baseos/os/Packages/l/libnl3-3.11.0-1.el9.x86_64.rpm
    repoid: rhel-9-for-x86_64-baseos-rpms
    size: 376137
    checksum: sha256:89728a253a5bf1c8e01c40573f1283d40188e003bdbd4ac565f8b0f05bced55c
    name: libnl3
    evr: 3.11.0-1.el9
    sourcerpm: libnl3-3.11.0-1.el9.src.rpm
  - url: https://cdn.redhat.com/content/dist/rhel9/9/x86_64/baseos/os/Packages/l/libpsl-0.21.1-5.el9.x86_64.rpm
    repoid: rhel-9-for-x86_64-baseos-rpms
    size: 67454
    checksum: sha256:ad1a62ef07682bb64a476c1a49f5cfc7abc9beb44775e7e511bf737e9a6bf99d
    name: libpsl
    evr: 0.21.1-5.el9
    sourcerpm: libpsl-0.21.1-5.el9.src.rpm
  - url: https://cdn.redhat.com/content/dist/rhel9/9/x86_64/baseos/os/Packages/l/libpwquality-1.4.4-8.el9.x86_64.rpm
    repoid: rhel-9-for-x86_64-baseos-rpms
    size: 126104
    checksum: sha256:14b7ff2f7fdaf8ebec90261f4619ea7f7c3564c4de8483666de7ed4b1f49b66f
    name: libpwquality
    evr: 1.4.4-8.el9
    sourcerpm: libpwquality-1.4.4-8.el9.src.rpm
  - url: https://cdn.redhat.com/content/dist/rhel9/9/x86_64/baseos/os/Packages/l/libselinux-3.6-3.el9.x86_64.rpm
    repoid: rhel-9-for-x86_64-baseos-rpms
    size: 89722
    checksum: sha256:ce1cc63a7212c39f5f2a35f719ee38d6418cf081ea78c9317f388d9f41e4a627
    name: libselinux
    evr: 3.6-3.el9
    sourcerpm: libselinux-3.6-3.el9.src.rpm
  - url: https://cdn.redhat.com/content/dist/rhel9/9/x86_64/baseos/os/Packages/l/libsemanage-3.6-5.el9_6.x86_64.rpm
    repoid: rhel-9-for-x86_64-baseos-rpms
    size: 123449
    checksum: sha256:7ac29f46714cd762f18a52e9807fd1766b0cf9e0388aa3d9befaabf8785a01e3
    name: libsemanage
    evr: 3.6-5.el9_6
    sourcerpm: libsemanage-3.6-5.el9_6.src.rpm
  - url: https://cdn.redhat.com/content/dist/rhel9/9/x86_64/baseos/os/Packages/l/libsepol-3.6-2.el9.x86_64.rpm
    repoid: rhel-9-for-x86_64-baseos-rpms
    size: 339134
    checksum: sha256:7bdec83a13ff92144024d44c8179fc083e5581afa710829a9dccd7895233d1f2
    name: libsepol
    evr: 3.6-2.el9
    sourcerpm: libsepol-3.6-2.el9.src.rpm
  - url: https://cdn.redhat.com/content/dist/rhel9/9/x86_64/baseos/os/Packages/l/libsigsegv-2.13-4.el9.x86_64.rpm
    repoid: rhel-9-for-x86_64-baseos-rpms
    size: 30681
    checksum: sha256:24005c62017797b612d047a2af83a218633b32302a787fabd22e52230db6adc1
    name: libsigsegv
    evr: 2.13-4.el9
    sourcerpm: libsigsegv-2.13-4.el9.src.rpm
  - url: https://cdn.redhat.com/content/dist/rhel9/9/x86_64/baseos/os/Packages/l/libsmartcols-2.37.4-21.el9.x86_64.rpm
    repoid: rhel-9-for-x86_64-baseos-rpms
    size: 66253
    checksum: sha256:bdf30ad7ecb50b5a883fb55b21074b7ae8a8273dfba84f81401d10917bcdac4b
    name: libsmartcols
    evr: 2.37.4-21.el9
    sourcerpm: util-linux-2.37.4-21.el9.src.rpm
  - url: https://cdn.redhat.com/content/dist/rhel9/9/x86_64/baseos/os/Packages/l/libssh-0.10.4-13.el9.x86_64.rpm
    repoid: rhel-9-for-x86_64-baseos-rpms
    size: 224804
    checksum: sha256:7c51bc940814b49a57b331b68508732b76b16f5c237538c26fc06e6d824da77f
    name: libssh
    evr: 0.10.4-13.el9
    sourcerpm: libssh-0.10.4-13.el9.src.rpm
  - url: https://cdn.redhat.com/content/dist/rhel9/9/x86_64/baseos/os/Packages/l/libssh-config-0.10.4-13.el9.noarch.rpm
    repoid: rhel-9-for-x86_64-baseos-rpms
    size: 11463
    checksum: sha256:0cc66bee3af1b8939f108dce622a47a58482f182ab3abb851b3252a44315aa23
    name: libssh-config
    evr: 0.10.4-13.el9
    sourcerpm: libssh-0.10.4-13.el9.src.rpm
  - url: https://cdn.redhat.com/content/dist/rhel9/9/x86_64/baseos/os/Packages/l/libtasn1-4.16.0-9.el9.x86_64.rpm
    repoid: rhel-9-for-x86_64-baseos-rpms
    size: 78596
    checksum: sha256:3c619506cf4283d4d30d9e681a3565f79c1009f5e4a47d71b0de78c5ee24c91d
    name: libtasn1
    evr: 4.16.0-9.el9
    sourcerpm: libtasn1-4.16.0-9.el9.src.rpm
  - url: https://cdn.redhat.com/content/dist/rhel9/9/x86_64/baseos/os/Packages/l/libtirpc-1.3.3-9.el9.x86_64.rpm
    repoid: rhel-9-for-x86_64-baseos-rpms
    size: 98934
    checksum: sha256:f82cd69dc3aac881d5b574930c7d274687054cb5b03d3a8e3affa7bbcd5950b1
    name: libtirpc
    evr: 1.3.3-9.el9
    sourcerpm: libtirpc-1.3.3-9.el9.src.rpm
  - url: https://cdn.redhat.com/content/dist/rhel9/9/x86_64/baseos/os/Packages/l/libunistring-0.9.10-15.el9.x86_64.rpm
    repoid: rhel-9-for-x86_64-baseos-rpms
    size: 510558
    checksum: sha256:6477fb3c3285158f676360e228057e13dc6e983f453c7c74ed4ab140357f9a0d
    name: libunistring
    evr: 0.9.10-15.el9
    sourcerpm: libunistring-0.9.10-15.el9.src.rpm
  - url: https://cdn.redhat.com/content/dist/rhel9/9/x86_64/baseos/os/Packages/l/libutempter-1.2.1-6.el9.x86_64.rpm
    repoid: rhel-9-for-x86_64-baseos-rpms
    size: 30354
    checksum: sha256:0f1df5e0d48c2ac9914bfffa7ed569cd58e42b17ba96bb3f7cf74d1e80de2597
    name: libutempter
    evr: 1.2.1-6.el9
    sourcerpm: libutempter-1.2.1-6.el9.src.rpm
  - url: https://cdn.redhat.com/content/dist/rhel9/9/x86_64/baseos/os/Packages/l/libuuid-2.37.4-21.el9.x86_64.rpm
    repoid: rhel-9-for-x86_64-baseos-rpms
    size: 30462
    checksum: sha256:04d74d33e9582ba723061d06f972118fdb4867d307164f61ea4778f7fa67aed7
    name: libuuid
    evr: 2.37.4-21.el9
    sourcerpm: util-linux-2.37.4-21.el9.src.rpm
  - url: https://cdn.redhat.com/content/dist/rhel9/9/x86_64/baseos/os/Packages/l/libverto-0.3.2-3.el9.x86_64.rpm
    repoid: rhel-9-for-x86_64-baseos-rpms
    size: 25042
    checksum: sha256:7008029afd91af33ca17a22e6eb4ba792fd9b32bee8fb613c79c1527fa6f589a
    name: libverto
    evr: 0.3.2-3.el9
    sourcerpm: libverto-0.3.2-3.el9.src.rpm
  - url: https://cdn.redhat.com/content/dist/rhel9/9/x86_64/baseos/os/Packages/l/libxcrypt-4.4.18-3.el9.x86_64.rpm
    repoid: rhel-9-for-x86_64-baseos-rpms
    size: 122599
    checksum: sha256:a50bb26a28ee7e6379c86b5b91285299b71569fa87ea968d800a56090b7a179d
    name: libxcrypt
    evr: 4.4.18-3.el9
    sourcerpm: libxcrypt-4.4.18-3.el9.src.rpm
  - url: https://cdn.redhat.com/content/dist/rhel9/9/x86_64/baseos/os/Packages/l/libxml2-2.9.13-9.el9_6.x86_64.rpm
    repoid: rhel-9-for-x86_64-baseos-rpms
    size: 769351
    checksum: sha256:6cb4fe01744a6b1c8a807dca29c2fd37443fcad9e4318fd72588f83d6cdec406
    name: libxml2
    evr: 2.9.13-9.el9_6
    sourcerpm: libxml2-2.9.13-9.el9_6.src.rpm
  - url: https://cdn.redhat.com/content/dist/rhel9/9/x86_64/baseos/os/Packages/l/libzstd-1.5.5-1.el9.x86_64.rpm
    repoid: rhel-9-for-x86_64-baseos-rpms
    size: 304135
    checksum: sha256:d8a149f0d8f217126642cc4b40199d631b940f7d227191cc2179f3158fd47f9e
    name: libzstd
    evr: 1.5.5-1.el9
    sourcerpm: zstd-1.5.5-1.el9.src.rpm
  - url: https://cdn.redhat.com/content/dist/rhel9/9/x86_64/baseos/os/Packages/l/lz4-libs-1.9.3-5.el9.x86_64.rpm
    repoid: rhel-9-for-x86_64-baseos-rpms
    size: 70922
    checksum: sha256:9658da838021711f687cf283368664984bfb1c8b9176897d7d477a724a11a731
    name: lz4-libs
    evr: 1.9.3-5.el9
    sourcerpm: lz4-1.9.3-5.el9.src.rpm
  - url: https://cdn.redhat.com/content/dist/rhel9/9/x86_64/baseos/os/Packages/m/mpfr-4.1.0-7.el9.x86_64.rpm
    repoid: rhel-9-for-x86_64-baseos-rpms
    size: 337166
    checksum: sha256:cf60adcc7a5f0cb469e6f066a1bdc62ae9af7c06305c76c15884b59df7f93274
    name: mpfr
    evr: 4.1.0-7.el9
    sourcerpm: mpfr-4.1.0-7.el9.src.rpm
  - url: https://cdn.redhat.com/content/dist/rhel9/9/x86_64/baseos/os/Packages/n/ncurses-base-6.2-10.20210508.el9.noarch.rpm
    repoid: rhel-9-for-x86_64-baseos-rpms
    size: 101737
    checksum: sha256:68a97f7bec435800cdbaf8a0c84abb267c4106a97898daed48ce2f931b0f1230
    name: ncurses-base
    evr: 6.2-10.20210508.el9
    sourcerpm: ncurses-6.2-10.20210508.el9.src.rpm
  - url: https://cdn.redhat.com/content/dist/rhel9/9/x86_64/baseos/os/Packages/n/ncurses-libs-6.2-10.20210508.el9.x86_64.rpm
    repoid: rhel-9-for-x86_64-baseos-rpms
    size: 339787
    checksum: sha256:a283044b02b1c640cb280fa6ff4ef340a3156b81f8cf167041c5990d498a6886
    name: ncurses-libs
    evr: 6.2-10.20210508.el9
    sourcerpm: ncurses-6.2-10.20210508.el9.src.rpm
  - url: https://cdn.redhat.com/content/dist/rhel9/9/x86_64/baseos/os/Packages/n/nettle-3.10.1-1.el9.x86_64.rpm
    repoid: rhel-9-for-x86_64-baseos-rpms
    size: 581160
    checksum: sha256:96c048fba3e8dd11493aaf317349ad040f607740facd11cc7b04fbca507a46ce
    name: nettle
    evr: 3.10.1-1.el9
    sourcerpm: nettle-3.10.1-1.el9.src.rpm
  - url: https://cdn.redhat.com/content/dist/rhel9/9/x86_64/baseos/os/Packages/n/numactl-libs-2.0.19-1.el9.x86_64.rpm
    repoid: rhel-9-for-x86_64-baseos-rpms
    size: 33709
    checksum: sha256:ce2f00b2527e29f6b389e5899750e2b6eb1e5ce484ddfdcd6f01fa311efe7860
    name: numactl-libs
    evr: 2.0.19-1.el9
    sourcerpm: numactl-2.0.19-1.el9.src.rpm
  - url: https://cdn.redhat.com/content/dist/rhel9/9/x86_64/baseos/os/Packages/o/openldap-2.6.8-4.el9.x86_64.rpm
    repoid: rhel-9-for-x86_64-baseos-rpms
    size: 296805
    checksum: sha256:68df8cf8fb4d54c2f1681fa9a030f7af3b179e6dd4fd10ffd7532824121ea74c
    name: openldap
    evr: 2.6.8-4.el9
    sourcerpm: openldap-2.6.8-4.el9.src.rpm
  - url: https://cdn.redhat.com/content/dist/rhel9/9/x86_64/baseos/os/Packages/o/openssh-8.7p1-45.el9.x86_64.rpm
    repoid: rhel-9-for-x86_64-baseos-rpms
    size: 474534
    checksum: sha256:d43f19d3e736943bdadbda47db016e9da81ce1900f50ecfe470f7a8bc9bce243
    name: openssh
    evr: 8.7p1-45.el9
    sourcerpm: openssh-8.7p1-45.el9.src.rpm
  - url: https://cdn.redhat.com/content/dist/rhel9/9/x86_64/baseos/os/Packages/o/openssh-clients-8.7p1-45.el9.x86_64.rpm
    repoid: rhel-9-for-x86_64-baseos-rpms
    size: 735750
    checksum: sha256:309d1c9c176bf35b494c8b31a0f3eeceddd0b27be1dfc9defbe9838b9d5a707c
    name: openssh-clients
    evr: 8.7p1-45.el9
    sourcerpm: openssh-8.7p1-45.el9.src.rpm
  - url: https://cdn.redhat.com/content/dist/rhel9/9/x86_64/baseos/os/Packages/o/openssl-3.2.2-6.el9_5.1.x86_64.rpm
    repoid: rhel-9-for-x86_64-baseos-rpms
    size: 1420999
    checksum: sha256:f379686df99db814e30568a896b417278775fc96864ac6d2660bf48ef94309e3
    name: openssl
    evr: 1:3.2.2-6.el9_5.1
    sourcerpm: openssl-3.2.2-6.el9_5.1.src.rpm
  - url: https://cdn.redhat.com/content/dist/rhel9/9/x86_64/baseos/os/Packages/o/openssl-fips-provider-3.0.7-6.el9_5.x86_64.rpm
    repoid: rhel-9-for-x86_64-baseos-rpms
    size: 9625
    checksum: sha256:bd9266695b8238ed6fe436ae5f613cee2e5e1ee5d612ab495f1da2f21f2830aa
    name: openssl-fips-provider
    evr: 3.0.7-6.el9_5
    sourcerpm: openssl-fips-provider-3.0.7-6.el9_5.src.rpm
  - url: https://cdn.redhat.com/content/dist/rhel9/9/x86_64/baseos/os/Packages/o/openssl-fips-provider-so-3.0.7-6.el9_5.x86_64.rpm
    repoid: rhel-9-for-x86_64-baseos-rpms
    size: 590625
    checksum: sha256:451372cea98f4993b2a4a2ed5876f1a661450e7487f73f945bbaf34789931437
    name: openssl-fips-provider-so
    evr: 3.0.7-6.el9_5
    sourcerpm: openssl-fips-provider-3.0.7-6.el9_5.src.rpm
  - url: https://cdn.redhat.com/content/dist/rhel9/9/x86_64/baseos/os/Packages/o/openssl-libs-3.2.2-6.el9_5.1.x86_64.rpm
    repoid: rhel-9-for-x86_64-baseos-rpms
    size: 2218318
    checksum: sha256:287d11706d44a53455ed8ac62faab4c4a0b8c0fa5e367adf122c7a76c6ddbbb8
    name: openssl-libs
    evr: 1:3.2.2-6.el9_5.1
    sourcerpm: openssl-3.2.2-6.el9_5.1.src.rpm
  - url: https://cdn.redhat.com/content/dist/rhel9/9/x86_64/baseos/os/Packages/p/p11-kit-0.25.3-3.el9_5.x86_64.rpm
    repoid: rhel-9-for-x86_64-baseos-rpms
    size: 548533
    checksum: sha256:e5a99495f837953c90ae46d0226fec22ae972ff57074b31f9a5a1dd9c562065f
    name: p11-kit
    evr: 0.25.3-3.el9_5
    sourcerpm: p11-kit-0.25.3-3.el9_5.src.rpm
  - url: https://cdn.redhat.com/content/dist/rhel9/9/x86_64/baseos/os/Packages/p/p11-kit-trust-0.25.3-3.el9_5.x86_64.rpm
    repoid: rhel-9-for-x86_64-baseos-rpms
    size: 147809
    checksum: sha256:16a699351e080fceea5b3aec2dc53a290cad960b8c94cf88832107843e452fc2
    name: p11-kit-trust
    evr: 0.25.3-3.el9_5
    sourcerpm: p11-kit-0.25.3-3.el9_5.src.rpm
  - url: https://cdn.redhat.com/content/dist/rhel9/9/x86_64/baseos/os/Packages/p/pam-1.5.1-23.el9.x86_64.rpm
    repoid: rhel-9-for-x86_64-baseos-rpms
    size: 647096
    checksum: sha256:5f261b23e11d27a49e5ddcb83ee93f37834a8160c82a0b82dbe6bf07acdfd96b
    name: pam
    evr: 1.5.1-23.el9
    sourcerpm: pam-1.5.1-23.el9.src.rpm
  - url: https://cdn.redhat.com/content/dist/rhel9/9/x86_64/baseos/os/Packages/p/pcre-8.44-4.el9.x86_64.rpm
    repoid: rhel-9-for-x86_64-baseos-rpms
    size: 205261
    checksum: sha256:e9ddc7d57d4f6e7400b66bcc78b9bafc1f05630e3e0d2a14000bc907f429ddc4
    name: pcre
    evr: 8.44-4.el9
    sourcerpm: pcre-8.44-4.el9.src.rpm
  - url: https://cdn.redhat.com/content/dist/rhel9/9/x86_64/baseos/os/Packages/p/pcre2-10.40-6.el9.x86_64.rpm
    repoid: rhel-9-for-x86_64-baseos-rpms
    size: 241900
    checksum: sha256:75db1e5a50e7b1794d7ba18212d95cd2684559da9e7c52eee46490302c7f24dd
    name: pcre2
    evr: 10.40-6.el9
    sourcerpm: pcre2-10.40-6.el9.src.rpm
  - url: https://cdn.redhat.com/content/dist/rhel9/9/x86_64/baseos/os/Packages/p/pcre2-syntax-10.40-6.el9.noarch.rpm
    repoid: rhel-9-for-x86_64-baseos-rpms
    size: 147926
    checksum: sha256:d386b5e9b3a4b077b2ba143882e605750855dd3354f13c55fa12ed26908cb442
    name: pcre2-syntax
    evr: 10.40-6.el9
    sourcerpm: pcre2-10.40-6.el9.src.rpm
  - url: https://cdn.redhat.com/content/dist/rhel9/9/x86_64/baseos/os/Packages/p/publicsuffix-list-dafsa-20210518-3.el9.noarch.rpm
    repoid: rhel-9-for-x86_64-baseos-rpms
    size: 60882
    checksum: sha256:e6ec3390a736b085f403168c512a6b2b6f8e12a8fd5a4459f1c7dbbff2b67c33
    name: publicsuffix-list-dafsa
    evr: 20210518-3.el9
    sourcerpm: publicsuffix-list-20210518-3.el9.src.rpm
  - url: https://cdn.redhat.com/content/dist/rhel9/9/x86_64/baseos/os/Packages/r/readline-8.1-4.el9.x86_64.rpm
    repoid: rhel-9-for-x86_64-baseos-rpms
    size: 220174
    checksum: sha256:01bf315b3bc44c28515c4d33d49173b23d7979d2a09b7b15f749d434b60851e6
    name: readline
    evr: 8.1-4.el9
    sourcerpm: readline-8.1-4.el9.src.rpm
  - url: https://cdn.redhat.com/content/dist/rhel9/9/x86_64/baseos/os/Packages/r/redhat-release-9.6-0.1.el9.x86_64.rpm
    repoid: rhel-9-for-x86_64-baseos-rpms
    size: 45201
    checksum: sha256:398d7315a731a2de704ce0778909319dde39abab328e1259b95fbf8207c8a98c
    name: redhat-release
    evr: 9.6-0.1.el9
    sourcerpm: redhat-release-9.6-0.1.el9.src.rpm
  - url: https://cdn.redhat.com/content/dist/rhel9/9/x86_64/baseos/os/Packages/r/redhat-release-eula-9.6-0.1.el9.x86_64.rpm
    repoid: rhel-9-for-x86_64-baseos-rpms
    size: 12477
    checksum: sha256:fa313cd54f7430fc08f149c042826ce060136c26eb0b17799d43d9673a236dcc
    name: redhat-release-eula
    evr: 9.6-0.1.el9
    sourcerpm: redhat-release-9.6-0.1.el9.src.rpm
  - url: https://cdn.redhat.com/content/dist/rhel9/9/x86_64/baseos/os/Packages/s/sed-4.8-9.el9.x86_64.rpm
    repoid: rhel-9-for-x86_64-baseos-rpms
    size: 316395
    checksum: sha256:bf3baf444e49eba4189e57d562a7522ab714132d2960db87ef9b99f1b46a3cc4
    name: sed
    evr: 4.8-9.el9
    sourcerpm: sed-4.8-9.el9.src.rpm
  - url: https://cdn.redhat.com/content/dist/rhel9/9/x86_64/baseos/os/Packages/s/setup-2.13.7-10.el9.noarch.rpm
    repoid: rhel-9-for-x86_64-baseos-rpms
    size: 153791
    checksum: sha256:0891d395ce067121c28932534237ad1ce231f2bfa987411ad62e73a12d11eb6a
    name: setup
    evr: 2.13.7-10.el9
    sourcerpm: setup-2.13.7-10.el9.src.rpm
  - url: https://cdn.redhat.com/content/dist/rhel9/9/x86_64/baseos/os/Packages/s/shadow-utils-4.9-12.el9.x86_64.rpm
    repoid: rhel-9-for-x86_64-baseos-rpms
    size: 1257960
    checksum: sha256:97581b725af384553fa72773ad29e2a5112e3a3ce081ae811d89ff5b75a93b92
    name: shadow-utils
    evr: 2:4.9-12.el9
    sourcerpm: shadow-utils-4.9-12.el9.src.rpm
  - url: https://cdn.redhat.com/content/dist/rhel9/9/x86_64/baseos/os/Packages/s/systemd-libs-252-51.el9.x86_64.rpm
    repoid: rhel-9-for-x86_64-baseos-rpms
    size: 700435
    checksum: sha256:c14fb5970e2eb386a2291e8bf3a8a10307df47f560dfe35bc9380230e9809231
    name: systemd-libs
    evr: 252-51.el9
    sourcerpm: systemd-252-51.el9.src.rpm
  - url: https://cdn.redhat.com/content/dist/rhel9/9/x86_64/baseos/os/Packages/t/tar-1.34-7.el9.x86_64.rpm
    repoid: rhel-9-for-x86_64-baseos-rpms
    size: 910235
    checksum: sha256:17f2e592a2c04c050b690afeb9042e02521a0b5ee3288dad837463f4acf542c3
    name: tar
    evr: 2:1.34-7.el9
    sourcerpm: tar-1.34-7.el9.src.rpm
  - url: https://cdn.redhat.com/content/dist/rhel9/9/x86_64/baseos/os/Packages/t/tzdata-2025b-1.el9.noarch.rpm
    repoid: rhel-9-for-x86_64-baseos-rpms
    size: 862160
    checksum: sha256:0687e5a1115ba679137404c8d37a45141a31968ffd01677455530d24c126a0d2
    name: tzdata
    evr: 2025b-1.el9
    sourcerpm: tzdata-2025b-1.el9.src.rpm
  - url: https://cdn.redhat.com/content/dist/rhel9/9/x86_64/baseos/os/Packages/u/util-linux-2.37.4-21.el9.x86_64.rpm
    repoid: rhel-9-for-x86_64-baseos-rpms
    size: 2395065
    checksum: sha256:61c795084ae4b7745b904347d4643110cd62558fce2978bd4f025ff83524e55f
    name: util-linux
    evr: 2.37.4-21.el9
    sourcerpm: util-linux-2.37.4-21.el9.src.rpm
  - url: https://cdn.redhat.com/content/dist/rhel9/9/x86_64/baseos/os/Packages/u/util-linux-core-2.37.4-21.el9.x86_64.rpm
    repoid: rhel-9-for-x86_64-baseos-rpms
    size: 480619
    checksum: sha256:36389814fcec56d9b9d4bd1a4a63efb1cefa00bc8bacab73f89ef8f8be04b1cd
    name: util-linux-core
    evr: 2.37.4-21.el9
    sourcerpm: util-linux-2.37.4-21.el9.src.rpm
  - url: https://cdn.redhat.com/content/dist/rhel9/9/x86_64/baseos/os/Packages/x/xz-libs-5.2.5-8.el9_0.x86_64.rpm
    repoid: rhel-9-for-x86_64-baseos-rpms
    size: 96649
    checksum: sha256:de263f880a4394f04b5e84254ba0a88d781b5bd63665c9e028bc10351490c982
    name: xz-libs
    evr: 5.2.5-8.el9_0
    sourcerpm: xz-5.2.5-8.el9_0.src.rpm
  - url: https://cdn.redhat.com/content/dist/rhel9/9/x86_64/baseos/os/Packages/z/zlib-1.2.11-40.el9.x86_64.rpm
    repoid: rhel-9-for-x86_64-baseos-rpms
    size: 95708
    checksum: sha256:baf95ffbf40ee014135f16fe33e343faf7ff1ca06509fd97cd988e6afeabf670
    name: zlib
    evr: 1.2.11-40.el9
    sourcerpm: zlib-1.2.11-40.el9.src.rpm
  source: []
  module_metadata: []
